using System;
using System.Collections.Generic;
using System.ComponentModel;
using System.Data;
using System.Drawing;
using System.Linq;
using System.Text;
using System.Threading.Tasks;
using System.Windows.Forms;

namespace Quiz
{
    public partial class quizModeForm : Form
    {       
        public quizModeForm()
        {
            InitializeComponent();
        }

        private void easyButton_Click(object sender, EventArgs e)
        {
            // Create an instance of the Quiz Mode form.
            easyQuizForm myeasyQuizForm = new easyQuizForm();

            // Opens the Quiz Selection form.
            myeasyQuizForm.Show();

            // Closes this form.
            Close();
        }

        private void normalButton_Click(object sender, EventArgs e)
        {
            // Create an instance of the Quiz Mode form.
          normalQuizForm mynormalQuizForm = new normalQuizForm();

            // Opens the Quiz Selection form.
            mynormalQuizForm.Show();

            // Closes this form.
            Close();
        }

        public void hardButton_Click(object sender, EventArgs e)
        {        
            MessageBox.Show("You will have 15 seconds to answer each question. Good Luck!");

            // Create an instance of the Quiz Mode form.
            hardQuizForm myhardQuizForm = new hardQuizForm();

            // Opens the Quiz Selection form.
            myhardQuizForm.Show();

            // Closes this form.
            Close();
        }       
    }
}
