using System;
using System.Collections.Generic;
using System.ComponentModel;
using System.Data;
using System.Drawing;
using System.Linq;
using System.Text;
using System.Threading.Tasks;
using System.Windows.Forms;

namespace Quiz
{
    public partial class normalQuizForm : Form
    {
        int nextQuestion = 0;        // Holds an integer to go to the next question.
        public int score = 0;        // Holds the score total.  

        public normalQuizForm()
        {
            InitializeComponent();
        }

        private void nextButton_Click(object sender, EventArgs e)
        {
            switch (nextQuestion)
            {
                case 0:   // Info for Question 1.
                    if (radAnswer2.Checked == true)
                    {
                        score += 5;
                        normalScoreLabel.Text = score.ToString() + " out of 100.";
                        MessageBox.Show("Correct.");

                    }
                    else
                    {
                        score += 0;
                        normalScoreLabel.Text = score.ToString() + " out of 100.";
                        MessageBox.Show("Incorrect. The correct answer is " + radAnswer2.Text + ".");
                    }

                    // Changes the label text to the information for Question 2.
                    radAnswer1.Text = "Digital Collector's Edition";
                    radAnswer2.Text = "Gifted from friends";
                    radAnswer3.Text = "Purchased with Riot Points";
                    radAnswer4.Text = "Purchased with Influence Points";
                    numberLabel.Text = "Question 2";
                    questionLabel.Text = "Where does Annie come from?";
                    this.BackgroundImage = Properties.Resources.Annie_1;
                    nextQuestion++;
                    radAnswer1.Checked = false;
                    radAnswer2.Checked = false;
                    radAnswer3.Checked = false;
                    radAnswer4.Checked = false;
                    break;
                case 1:     // Info for Question 2.
                    if (radAnswer1.Checked == true)
                    {
                        score += 5;
                        normalScoreLabel.Text = score.ToString() + " out of 100.";
                        MessageBox.Show("Correct.");
                    }
                    else
                    {
                        score += 0;
                        normalScoreLabel.Text = score.ToString() + " out of 100.";
                        MessageBox.Show("Incorrect. The correct answer is " + radAnswer1.Text + ".");
                    }

                    // Changes the label text to the information for Question 3.
                    radAnswer1.Text = "Poppy";
                    radAnswer2.Text = "Ashe";
                    radAnswer3.Text = "Jinx";
                    radAnswer4.Text = "Zyra";
                    numberLabel.Text = "Question 3";
                    questionLabel.Text = "Who is Caitlyn's main rival?";
                    this.BackgroundImage = Properties.Resources.Caitlyn_1;
                    nextQuestion++;
                    radAnswer1.Checked = false;
                    radAnswer2.Checked = false;
                    radAnswer3.Checked = false;
                    radAnswer4.Checked = false;
                    break;
                case 2:     // Info for Question 3.
                    if (radAnswer3.Checked == true)
                    {
                        score += 5;
                        normalScoreLabel.Text = score.ToString() + " out of 100.";
                        MessageBox.Show("Correct.");
                    }
                    else
                    {
                        score += 0;
                        normalScoreLabel.Text = score.ToString() + " out of 100.";
                        MessageBox.Show("Incorrect. The correct answer is " + radAnswer3.Text + ".");
                    }

                    // Changes the label text to the information for Question 4.
                    radAnswer1.Text = "Xerath";
                    radAnswer2.Text = "Nasus";
                    radAnswer3.Text = "Renekton";
                    radAnswer4.Text = "Skarner";
                    numberLabel.Text = "Question 4";
                    questionLabel.Text = "Who betrayed Azir, which resulted the fall of the Shurima?";
                    this.BackgroundImage = Properties.Resources.Azir_2;
                    nextQuestion++;
                    radAnswer1.Checked = false;
                    radAnswer2.Checked = false;
                    radAnswer3.Checked = false;
                    radAnswer4.Checked = false;
                    break;
                case 3:     // Info for Question 4.
                    if (radAnswer1.Checked == true)
                    {
                        score += 5;
                        normalScoreLabel.Text = score.ToString() + " out of 100.";
                        MessageBox.Show("Correct.");
                    }
                    else
                    {
                        score += 0;
                        normalScoreLabel.Text = score.ToString() + " out of 100.";
                        MessageBox.Show("Incorrect. The correct answer is " + radAnswer1.Text + ".");
                    }

                    // Changes the label text to the information for Question 5.
                    radAnswer1.Text = "Swain";
                    radAnswer2.Text = "Graves";
                    radAnswer3.Text = "Garen";
                    radAnswer4.Text = "Draven";
                    numberLabel.Text = "Question 5";
                    questionLabel.Text = "Who is Darius' brother?";
                    this.BackgroundImage = Properties.Resources.Darius_3;
                    nextQuestion++;
                    radAnswer1.Checked = false;
                    radAnswer2.Checked = false;
                    radAnswer3.Checked = false;
                    radAnswer4.Checked = false;
                    break;
                case 4:     // Info for Question 5.
                    if (radAnswer4.Checked == true)
                    {
                        score += 5;
                        normalScoreLabel.Text = score.ToString() + " out of 100.";
                        MessageBox.Show("Correct.");
                    }
                    else
                    {
                        score += 0;
                        normalScoreLabel.Text = score.ToString() + " out of 100.";
                        MessageBox.Show("Incorrect. The correct answer is " + radAnswer4.Text + ".");
                    }

                    // Changes the label text to the information for Question 6.
                    radAnswer1.Text = "Master Yi";
                    radAnswer2.Text = "Yasuo";
                    radAnswer3.Text = "Jax";
                    radAnswer4.Text = "Lee Sin";
                    numberLabel.Text = "Question 6";
                    questionLabel.Text = "Who taught Wukong to fight?";
                    this.BackgroundImage = Properties.Resources.MonkeyKing_3;
                    nextQuestion++;
                    radAnswer1.Checked = false;
                    radAnswer2.Checked = false;
                    radAnswer3.Checked = false;
                    radAnswer4.Checked = false;
                    break;
                case 5:     // Info for Question 6.
                    if (radAnswer1.Checked == true)
                    {
                        score += 5;
                        normalScoreLabel.Text = score.ToString() + " out of 100.";
                        MessageBox.Show("Correct.");
                    }
                    else
                    {
                        score += 0;
                        normalScoreLabel.Text = score.ToString() + " out of 100.";
                        MessageBox.Show("Incorrect. The correct answer is " + radAnswer1.Text + ".");
                    }

                    // Changes the label text to the information for Question 7.
                    radAnswer1.Text = "Rengar";
                    radAnswer2.Text = "Udyr";
                    radAnswer3.Text = "Cougars";
                    radAnswer4.Text = "Zyra";
                    numberLabel.Text = "Question 7";
                    questionLabel.Text = "Who raised Nidalee?";
                    this.BackgroundImage = Properties.Resources.Nidalee_8;
                    nextQuestion++;
                    radAnswer1.Checked = false;
                    radAnswer2.Checked = false;
                    radAnswer3.Checked = false;
                    radAnswer4.Checked = false;
                    break;
                case 6:     // Info for Question 7.
                    if (radAnswer3.Checked == true)
                    {
                        score += 5;
                        normalScoreLabel.Text = score.ToString() + " out of 100.";
                        MessageBox.Show("Correct.");
                    }
                    else
                    {
                        score += 0;
                        normalScoreLabel.Text = score.ToString() + " out of 100.";
                        MessageBox.Show("Incorrect. The correct answer is " + radAnswer3.Text + ".");
                    }

                    // Changes the label text to the information for Question 8.
                    radAnswer1.Text = "Hecarim";
                    radAnswer2.Text = "Karthus";
                    radAnswer3.Text = "Kassidin";
                    radAnswer4.Text = "Thresh";
                    numberLabel.Text = "Question 8";
                    questionLabel.Text = "Who betrayed Kalista, leading to the creation of the Shadow Isle?";
                    this.BackgroundImage = Properties.Resources.Kalista_2;
                    nextQuestion++;
                    radAnswer1.Checked = false;
                    radAnswer2.Checked = false;
                    radAnswer3.Checked = false;
                    radAnswer4.Checked = false;
                    break;
                case 7:     // Info for Question 8.
                    if (radAnswer1.Checked == true)
                    {
                        score += 5;
                        normalScoreLabel.Text = score.ToString() + " out of 100.";
                        MessageBox.Show("Correct.");
                    }
                    else
                    {
                        score += 0;
                        normalScoreLabel.Text = score.ToString() + " out of 100.";
                        MessageBox.Show("Incorrect. The correct answer is " + radAnswer1.Text + ".");
                    }

                    // Changes the label text to the information for Question 9.
                    radAnswer1.Text = "Miss Fortune";
                    radAnswer2.Text = "Illioa";
                    radAnswer3.Text = "Katarina";
                    radAnswer4.Text = "Nidalee";
                    numberLabel.Text = "Question 9";
                    questionLabel.Text = "Who was Gangplank's first love?";
                    this.BackgroundImage = Properties.Resources.Gangplank_7;
                    nextQuestion++;
                    radAnswer1.Checked = false;
                    radAnswer2.Checked = false;
                    radAnswer3.Checked = false;
                    radAnswer4.Checked = false;
                    break;
                case 8:     // Info for Question 9.
                    if (radAnswer2.Checked == true)
                    {
                        score += 5;
                        normalScoreLabel.Text = score.ToString() + " out of 100.";
                        MessageBox.Show("Correct.");
                    }
                    else
                    {
                        score += 0;
                        normalScoreLabel.Text = score.ToString() + " out of 100.";
                        MessageBox.Show("Incorrect. The correct answer is " + radAnswer2.Text + ".");
                    }

                    // Changes the label text to the information for Question 10.
                    radAnswer1.Text = "Light Magic";
                    radAnswer2.Text = "Hextech";
                    radAnswer3.Text = "Death Magic";
                    radAnswer4.Text = "Life Essence";
                    numberLabel.Text = "Question 10";
                    questionLabel.Text = "How did Ahri transform to a human from a fox?";
                    this.BackgroundImage = Properties.Resources.Ahri_5;
                    nextQuestion++;
                    radAnswer1.Checked = false;
                    radAnswer2.Checked = false;
                    radAnswer3.Checked = false;
                    radAnswer4.Checked = false;
                    break;
                case 9:     // Info for Question 10.
                    if (radAnswer4.Checked == true)
                    {
                        score += 5;
                        normalScoreLabel.Text = score.ToString() + " out of 100.";
                        MessageBox.Show("Correct.");
                    }
                    else
                    {
                        score += 0;
                        normalScoreLabel.Text = score.ToString() + " out of 100.";
                        MessageBox.Show("Incorrect. The correct answer is " + radAnswer4.Text + ".");
                    }

                    // Changes the label text to the information for Question 11.
                    radAnswer1.Text = "Damacians";
                    radAnswer2.Text = "Ionians";
                    radAnswer3.Text = "Targonians";
                    radAnswer4.Text = "Noxians";
                    numberLabel.Text = "Question 11";
                    questionLabel.Text = "Who enslaved Aurelion Sol?";
                    this.BackgroundImage = Properties.Resources.AurelionSol_1;
                    nextQuestion++;
                    radAnswer1.Checked = false;
                    radAnswer2.Checked = false;
                    radAnswer3.Checked = false;
                    radAnswer4.Checked = false;
                    break;
                case 10:     // Info for Question 11.
                    if (radAnswer3.Checked == true)
                    {
                        score += 5;
                        normalScoreLabel.Text = score.ToString() + " out of 100.";
                        MessageBox.Show("Correct.");
                    }
                    else
                    {
                        score += 0;
                        normalScoreLabel.Text = score.ToString() + " out of 100.";
                        MessageBox.Show("Incorrect. The correct answer is " + radAnswer3.Text + ".");
                    }

                    // Changes the label text to the information for Question 12
                    radAnswer1.Text = "Megling Commandos";
                    radAnswer2.Text = "Scouts of the Mothership";
                    radAnswer3.Text = "Bandle City Expeditionary Force ";
                    radAnswer4.Text = "Screaming Yipsnakes ";
                    numberLabel.Text = "Question 12";
                    questionLabel.Text = "Teemo is apart of which Special Forces?";
                    this.BackgroundImage = Properties.Resources.Teemo_8;
                    nextQuestion++;
                    radAnswer1.Checked = false;
                    radAnswer2.Checked = false;
                    radAnswer3.Checked = false;
                    radAnswer4.Checked = false;
                    break;
                case 11:     // Info for Question 12.
                    if (radAnswer2.Checked == true)
                    {
                        score += 5;
                        normalScoreLabel.Text = score.ToString() + " out of 100.";
                        MessageBox.Show("Correct.");
                    }
                    else
                    {
                        score += 0;
                        normalScoreLabel.Text = score.ToString() + " out of 100.";
                        MessageBox.Show("Incorrect. The correct answer is " + radAnswer2.Text + ".");
                    }

                    // Changes the label text to the information for Question 13.
                    radAnswer1.Text = "Shauna";
                    radAnswer2.Text = "Shannon";
                    radAnswer3.Text = "Sharice";
                    radAnswer4.Text = "Sarah";
                    numberLabel.Text = "Question 13";
                    questionLabel.Text = "What is Vayne's first name?";
                    this.BackgroundImage = Properties.Resources.Vayne_10;
                    nextQuestion++;
                    radAnswer1.Checked = false;
                    radAnswer2.Checked = false;
                    radAnswer3.Checked = false;
                    radAnswer4.Checked = false;
                    break;
                case 12:     // Info for Question 13.
                    if (radAnswer1.Checked == true)
                    {
                        score += 5;
                        normalScoreLabel.Text = score.ToString() + " out of 100.";
                        MessageBox.Show("Correct.");
                    }
                    else
                    {
                        score += 0;
                        normalScoreLabel.Text = score.ToString() + " out of 100.";
                        MessageBox.Show("Incorrect. The correct answer is " + radAnswer1.Text + ".");
                    }

                    // Changes the label text to the information for Question 14.
                    radAnswer1.Text = "Rule Runeterra";
                    radAnswer2.Text = "Torturing citizens";
                    radAnswer3.Text = "Total destruction";
                    radAnswer4.Text = "Absord knowledge";
                    numberLabel.Text = "Question 14";
                    questionLabel.Text = "What is Vel'koz's purpose on Runeterra?";
                    this.BackgroundImage = Properties.Resources.Velkoz_2;
                    nextQuestion++;
                    radAnswer1.Checked = false;
                    radAnswer2.Checked = false;
                    radAnswer3.Checked = false;
                    radAnswer4.Checked = false;
                    break;
                case 13:     // Info for Question 14.
                    if (radAnswer4.Checked == true)
                    {
                        score += 5;
                        normalScoreLabel.Text = score.ToString() + " out of 100.";
                        MessageBox.Show("Correct.");
                    }
                    else
                    {
                        score += 0;
                        normalScoreLabel.Text = score.ToString() + " out of 100.";
                        MessageBox.Show("Incorrect. The correct answer is " + radAnswer4.Text + ".");
                    }

                    // Changes the label text to the information for Question 15.
                    radAnswer1.Text = "Lucian";
                    radAnswer2.Text = "Garen";
                    radAnswer3.Text = "Jarvin";
                    radAnswer4.Text = "Taric";
                    numberLabel.Text = "Question 15";
                    questionLabel.Text = "Who is Lux's brother?";
                    this.BackgroundImage = Properties.Resources.Lux_7;
                    nextQuestion++;
                    radAnswer1.Checked = false;
                    radAnswer2.Checked = false;
                    radAnswer3.Checked = false;
                    radAnswer4.Checked = false;
                    break;
                case 14:     // Info for Question 15.
                    if (radAnswer2.Checked == true)
                    {
                        score += 5;
                        normalScoreLabel.Text = score.ToString() + " out of 100.";
                        MessageBox.Show("Correct.");
                    }
                    else
                    {
                        score += 0;
                        normalScoreLabel.Text = score.ToString() + " out of 100.";
                        MessageBox.Show("Incorrect. The correct answer is " + radAnswer2.Text + ".");
                    }

                    // Changes the label text to the information for Question 16.
                    radAnswer1.Text = "Anivia";
                    radAnswer2.Text = "Tryndamere";
                    radAnswer3.Text = "Braum";
                    radAnswer4.Text = "Sejuani";
                    numberLabel.Text = "Question 16";
                    questionLabel.Text = "Who is Ashe's rival?";
                    this.BackgroundImage = Properties.Resources.Ashe_0;
                    nextQuestion++;
                    radAnswer1.Checked = false;
                    radAnswer2.Checked = false;
                    radAnswer3.Checked = false;
                    radAnswer4.Checked = false;
                    break;
                case 15:     // Info for Question 16.
                    if (radAnswer4.Checked == true)
                    {
                        score += 5;
                        normalScoreLabel.Text = score.ToString() + " out of 100.";
                        MessageBox.Show("Correct.");
                    }
                    else
                    {
                        score += 0;
                        normalScoreLabel.Text = score.ToString() + " out of 100.";
                        MessageBox.Show("Incorrect. The correct answer is " + radAnswer4.Text + ".");
                    }

                    // Changes the label text to the information for Question 17.
                    radAnswer1.Text = "Treasury";
                    radAnswer2.Text = "Armory";
                    radAnswer3.Text = "Laboratory";
                    radAnswer4.Text = "At the gates";
                    numberLabel.Text = "Question 17";
                    questionLabel.Text = "Where was Jinx's battle with Vi at?";
                    this.BackgroundImage = Properties.Resources.Jinx_4;
                    nextQuestion++;
                    radAnswer1.Checked = false;
                    radAnswer2.Checked = false;
                    radAnswer3.Checked = false;
                    radAnswer4.Checked = false;
                    break;
                case 16:     // Info for Question 17.
                    if (radAnswer1.Checked == true)
                    {
                        score += 5;
                        normalScoreLabel.Text = score.ToString() + " out of 100.";
                        MessageBox.Show("Correct.");
                    }
                    else
                    {
                        score += 0;
                        normalScoreLabel.Text = score.ToString() + " out of 100.";
                        MessageBox.Show("Incorrect. The correct answer is " + radAnswer1.Text + ".");
                    }

                    // Changes the label text to the information for Question 18.
                    radAnswer1.Text = "Annie";
                    radAnswer2.Text = "Draven";
                    radAnswer3.Text = "Katarina";
                    radAnswer4.Text = "Darius";
                    numberLabel.Text = "Question 18";
                    questionLabel.Text = "Who is Garen's biggest Rival?";
                    this.BackgroundImage = Properties.Resources.Garen_4;
                    nextQuestion++;
                    radAnswer1.Checked = false;
                    radAnswer2.Checked = false;
                    radAnswer3.Checked = false;
                    radAnswer4.Checked = false;
                    break;
                case 17:     // Info for Question 18.
                    if (radAnswer3.Checked == true)
                    {
                        score += 5;
                        normalScoreLabel.Text = score.ToString() + " out of 100.";
                        MessageBox.Show("Correct.");
                    }
                    else
                    {
                        score += 0;
                        normalScoreLabel.Text = score.ToString() + " out of 100.";
                        MessageBox.Show("Incorrect. The correct answer is " + radAnswer3.Text + ".");
                    }

                    // Changes the label text to the information for Question 19.
                    radAnswer1.Text = "Miss Fortune";
                    radAnswer2.Text = "Katarina";
                    radAnswer3.Text = "Vayne";
                    radAnswer4.Text = "Kayle";
                    numberLabel.Text = "Question 19";
                    questionLabel.Text = "Who is Morgana's sister?";
                    this.BackgroundImage = Properties.Resources.Morgana_5;
                    nextQuestion++;
                    radAnswer1.Checked = false;
                    radAnswer2.Checked = false;
                    radAnswer3.Checked = false;
                    radAnswer4.Checked = false;
                    break;
                case 18:     // Info for Question 19.
                    if (radAnswer4.Checked == true)
                    {
                        score += 5;
                        normalScoreLabel.Text = score.ToString() + " out of 100.";
                        MessageBox.Show("Correct.");
                    }
                    else
                    {
                        score += 0;
                        normalScoreLabel.Text = score.ToString() + " out of 100.";
                        MessageBox.Show("Incorrect. The correct answer is " + radAnswer4.Text + ".");
                    }

                    // Changes the label text to the information for Question 20.
                    radAnswer1.Text = "A Temple";
                    radAnswer2.Text = "Cemetary";
                    radAnswer3.Text = "Laboratory";
                    radAnswer4.Text = "Shadow Ilses";
                    numberLabel.Text = "Question 20";
                    questionLabel.Text = "Where did Varus get corrupted at?";
                    this.BackgroundImage = Properties.Resources.Varus_3;
                    nextQuestion++;
                    radAnswer1.Checked = false;
                    radAnswer2.Checked = false;
                    radAnswer3.Checked = false;
                    radAnswer4.Checked = false;
                    break;
                case 19:     // Info for Question 20.
                    if (radAnswer1.Checked == true)
                    {
                        score += 5;
                        normalScoreLabel.Text = score.ToString() + " out of 100.";
                        MessageBox.Show("Correct.");
                    }
                    else
                    {
                        score += 0;
                        normalScoreLabel.Text = score.ToString() + " out of 100.";
                        MessageBox.Show("Incorrect. The correct answer is " + radAnswer1.Text + ".");
                    }

                    scoreForm myScore = new scoreForm();
                    myScore.scoreLabel.Text = score.ToString() + " out of 100.";
                    myScore.Show();
                    this.Hide();
                    break;
            }
        }

        private void exitButton_Click(object sender, EventArgs e)
        {
            DialogResult result = MessageBox.Show("Are you sure you wish to exit?", "Exit", MessageBoxButtons.YesNo);

            if (result == DialogResult.Yes)
            {
                // Closes this form.
                Close();

                // Opens the score Form.
                scoreForm myScore = new scoreForm();
                myScore.scoreLabel.Text = score.ToString() + " out of 100.";
                myScore.Show();
                this.Hide();
            }
        }
    }
}
